
Microsoft Visual Studio Solution File, Format Version 12.00
# Visual Studio Version 17
VisualStudioVersion = 17.10.35027.167
MinimumVisualStudioVersion = 10.0.40219.1
Project("{FAE04EC0-301F-11D3-BF4B-00C04F79EFBC}") = "QuanLyKhoSach", "QuanLyKhoSach\QuanLyKhoSach.csproj", "{0A25F61F-3FC1-4954-933C-28E0E2880009}"
EndProject
Global
	GlobalSection(SolutionConfigurationPlatforms) = preSolution
		Debug|Any CPU = Debug|Any CPU
		Release|Any CPU = Release|Any CPU
	EndGlobalSection
	GlobalSection(ProjectConfigurationPlatforms) = postSolution
		{0A25F61F-3FC1-4954-933C-28E0E2880009}.Debug|Any CPU.ActiveCfg = Debug|Any CPU
		{0A25F61F-3FC1-4954-933C-28E0E2880009}.Debug|Any CPU.Build.0 = Debug|Any CPU
		{0A25F61F-3FC1-4954-933C-28E0E2880009}.Release|Any CPU.ActiveCfg = Release|Any CPU
		{0A25F61F-3FC1-4954-933C-28E0E2880009}.Release|Any CPU.Build.0 = Release|Any CPU
	EndGlobalSection
	GlobalSection(SolutionProperties) = preSolution
		HideSolutionNode = FALSE
	EndGlobalSection
	GlobalSection(ExtensibilityGlobals) = postSolution
		SolutionGuid = {F59115B5-D84D-408C-AD96-D254CD0F1717}
	EndGlobalSection
EndGlobal
